
Microsoft Visual Studio Solution File, Format Version 12.00
# Visual Studio Version 17
VisualStudioVersion = 17.9.34622.214
MinimumVisualStudioVersion = 10.0.40219.1
Project("{FAE04EC0-301F-11D3-BF4B-00C04F79EFBC}") = "ProductManagementApp", "ProductManagementApp.csproj", "{AE7C5AFD-6A17-43B5-9464-26011EF4624A}"
EndProject
Global
	GlobalSection(SolutionConfigurationPlatforms) = preSolution
		Debug|Any CPU = Debug|Any CPU
		Release|Any CPU = Release|Any CPU
	EndGlobalSection
	GlobalSection(ProjectConfigurationPlatforms) = postSolution
		{AE7C5AFD-6A17-43B5-9464-26011EF4624A}.Debug|Any CPU.ActiveCfg = Debug|Any CPU
		{AE7C5AFD-6A17-43B5-9464-26011EF4624A}.Debug|Any CPU.Build.0 = Debug|Any CPU
		{AE7C5AFD-6A17-43B5-9464-26011EF4624A}.Release|Any CPU.ActiveCfg = Release|Any CPU
		{AE7C5AFD-6A17-43B5-9464-26011EF4624A}.Release|Any CPU.Build.0 = Release|Any CPU
	EndGlobalSection
	GlobalSection(SolutionProperties) = preSolution
		HideSolutionNode = FALSE
	EndGlobalSection
	GlobalSection(ExtensibilityGlobals) = postSolution
		SolutionGuid = {0B50ED35-C2FD-4D44-BFCA-D24F8051A0D4}
	EndGlobalSection
EndGlobal
